# This file was autogenerated by Stack.
# You should not edit this file by hand.
# For more information, please see the documentation at:
#   https://docs.haskellstack.org/en/stable/lock_files

snapshots:
- original:
    url: https://raw.githubusercontent.com/commercialhaskell/stackage-snapshots/master/lts/18/18.yaml
  completed:
    sha256: 63539429076b7ebbab6daa7656cfb079393bf644971156dc349d7c0453694ac2
    url: https://raw.githubusercontent.com/commercialhaskell/stackage-snapshots/master/lts/18/18.yaml
    size: 586296
packages:
- original:
    hackage: categories-1.0.7
  completed:
    pantry-tree:
      sha256: 93cf404b4eff309798097ae5827f8c959d0b71b1cd35bce30115eecae8bff2df
      size: 1284
    hackage: categories-1.0.7@sha256:e707f8ac06eac755cb508aa67de64ab2e33ce1c54aebb6f43f64c615aa5234f6,1636
- original:
    hackage: syntactic-3.8.3
  completed:
    pantry-tree:
      sha256: b7e57b4882a10862c18e8875148e5d40bf0292c5ae9719bfe3583caa036fd5e3
      size: 3052
    hackage: syntactic-3.8.3@sha256:498350c15ca1f247d0d0c03f00452e6b4ac8d7ba99cd15cf1c255c39256d5958,5193
